<?xml version="1.0" encoding="utf-8"?>
<Project ToolsVersion="4.0" xmlns="http://schemas.microsoft.com/developer/msbuild/2003">
  <ItemGroup>
    <ClCompile Include="Win32Application.cpp" />
    <ClCompile Include="PapeCompute.cpp" />
    <ClCompile Include="DXSample.cpp" />
    <ClCompile Include="Main.cpp" />
    <ClCompile Include="stdafx.cpp" />
    <ClCompile Include="Device.cpp" />
    <ClCompile Include="Resource.cpp" />
    <ClCompile Include="FullScreenTexturePass.cpp" />
    <ClCompile Include="RenderResources.cpp" />
  </ItemGroup>
  <ItemGroup>
    <ClInclude Include="Win32Application.h" />
    <ClInclude Include="PapeCompute.h" />
    <ClInclude Include="d3dx12.h" />
    <ClInclude Include="DXSample.h" />
    <ClInclude Include="DXSampleHelper.h" />
    <ClInclude Include="stdafx.h" />
    <ClInclude Include="Device.h" />
    <ClInclude Include="Resource.h" />
    <ClInclude Include="FullScreenTexturePass.h" />
    <ClInclude Include="RenderResources.h" />
  </ItemGroup>
  <ItemGroup>
    <CustomBuild Include="shaders.hlsl" />
  </ItemGroup>
  <ItemGroup>
    <CopyFileToFolders Include="compute.hlsl" />
  </ItemGroup>
</Project>